
Microsoft Visual Studio Solution File, Format Version 12.00
# Visual Studio Version 16
VisualStudioVersion = 16.0.30611.23
MinimumVisualStudioVersion = 10.0.40219.1
Project("{9A19103F-16F7-4668-BE54-9A1E7A4F7556}") = "LiczbyPierwsze_438", "LiczbyPierwsze_438\LiczbyPierwsze_438.csproj", "{75DE951B-D9DB-4318-BD1E-E5233A347CD7}"
EndProject
Project("{9A19103F-16F7-4668-BE54-9A1E7A4F7556}") = "Flamaster_506", "Flamaster_506\Flamaster_506.csproj", "{18F92D07-FBF9-42C0-8EA2-8B555AA0C236}"
EndProject
Project("{9A19103F-16F7-4668-BE54-9A1E7A4F7556}") = "DwieCyfrySilni_496", "DwieCyfrySilni_496\DwieCyfrySilni_496.csproj", "{087D188C-572C-4AC4-8319-8C9E71CE3990}"
EndProject
Project("{9A19103F-16F7-4668-BE54-9A1E7A4F7556}") = "CzyUmieszPotegowac_499", "CzyUmieszPotegowac\CzyUmieszPotegowac_499.csproj", "{81615245-52BE-4574-882D-AB05EDD2CE78}"
EndProject
Project("{9A19103F-16F7-4668-BE54-9A1E7A4F7556}") = "ZabawneDodawaniePiotrusia_568", "ZabawneDodawaniePiotrusia_568\ZabawneDodawaniePiotrusia_568.csproj", "{DF2EEE7D-AC71-498F-8629-0A6B642346CF}"
EndProject
Project("{9A19103F-16F7-4668-BE54-9A1E7A4F7556}") = "Przedszkolanka_522", "Przedszkolanka_522\Przedszkolanka_522.csproj", "{A416C939-F3C9-4AE7-970B-16C443EB2CC3}"
EndProject
Project("{8BC9CEB8-8B4A-11D0-8D11-00A0C91BC942}") = "NWD_601", "NWD_601\NWD_601.vcxproj", "{B3128CBF-A936-4BE7-8852-1A1D256425BF}"
EndProject
Project("{8BC9CEB8-8B4A-11D0-8D11-00A0C91BC942}") = "ProsteDodawanie_549", "ProsteDodawanie_549\ProsteDodawanie_549.vcxproj", "{9C10EB5C-8690-4E13-BECB-8A81A919DD8C}"
EndProject
Project("{9A19103F-16F7-4668-BE54-9A1E7A4F7556}") = "Tablice_606", "Tablice_606\Tablice_606.csproj", "{207A1A60-34F1-4E3E-AEF6-DAF9DD71C6A7}"
EndProject
Project("{9A19103F-16F7-4668-BE54-9A1E7A4F7556}") = "PolePewnegoKola_609", "PolePewnegoKola_609\PolePewnegoKola_609.csproj", "{6007E601-C9AD-4722-A660-58CF5AFF94FE}"
EndProject
Project("{8BC9CEB8-8B4A-11D0-8D11-00A0C91BC942}") = "StringMerge_617", "StringMerge_617\StringMerge_617.vcxproj", "{DFE87AF0-F25B-4D8A-8532-3F81EA45DF29}"
EndProject
Project("{9A19103F-16F7-4668-BE54-9A1E7A4F7556}") = "ProblemCollatza_708", "ProblemCollatza_708\ProblemCollatza_708.csproj", "{94A7A00C-E3D9-41ED-90AE-8429CC9CDF08}"
EndProject
Project("{9A19103F-16F7-4668-BE54-9A1E7A4F7556}") = "SkarbFinder_675", "SkarbFinder_675\SkarbFinder_675.csproj", "{0BFC2BCF-DD71-499B-864E-A926818FAFB9}"
EndProject
Project("{9A19103F-16F7-4668-BE54-9A1E7A4F7556}") = "ROL_723", "ROL_723\ROL_723.csproj", "{E0863DBF-E5ED-4933-8847-6794E19B004E}"
EndProject
Project("{9A19103F-16F7-4668-BE54-9A1E7A4F7556}") = "GraEuklidesa_804", "GraEuklidesa_804\GraEuklidesa_804.csproj", "{105BC4A0-FFA9-466F-9DE3-D49AAE2B0A25}"
EndProject
Project("{9A19103F-16F7-4668-BE54-9A1E7A4F7556}") = "Float_619", "Float_619\Float_619.csproj", "{74116D1E-DE26-4EC6-A355-CDFE968B5F38}"
EndProject
Project("{9A19103F-16F7-4668-BE54-9A1E7A4F7556}") = "Obzartuchy_626", "Obzartuchy_626\Obzartuchy_626.csproj", "{A3A43AAC-760B-440C-BF0A-CF2B90854704}"
EndProject
Project("{9A19103F-16F7-4668-BE54-9A1E7A4F7556}") = "LiczbyZnaczace_575", "LiczbyZnaczace_575\LiczbyZnaczace_575.csproj", "{C92EAF81-7DF3-4E31-A334-C3B4E72A2AB5}"
EndProject
Project("{9A19103F-16F7-4668-BE54-9A1E7A4F7556}") = "Sumy_727", "Sumy_727\Sumy_727.csproj", "{F4F4D420-ADF8-420A-8899-9AF39E8F37C4}"
EndProject
Project("{9A19103F-16F7-4668-BE54-9A1E7A4F7556}") = "LENLCS_498", "LENLCS_498\LENLCS_498.csproj", "{62794D6D-38D1-4642-8C53-857AF19DB42B}"
EndProject
Project("{FAE04EC0-301F-11D3-BF4B-00C04F79EFBC}") = "Copies", "Copies\Copies.csproj", "{01158938-BF1B-45B2-8CA9-1B1C0DA9F32D}"
EndProject
Global
	GlobalSection(SolutionConfigurationPlatforms) = preSolution
		Debug|Any CPU = Debug|Any CPU
		Debug|x64 = Debug|x64
		Debug|x86 = Debug|x86
		Release|Any CPU = Release|Any CPU
		Release|x64 = Release|x64
		Release|x86 = Release|x86
	EndGlobalSection
	GlobalSection(ProjectConfigurationPlatforms) = postSolution
		{75DE951B-D9DB-4318-BD1E-E5233A347CD7}.Debug|Any CPU.ActiveCfg = Debug|Any CPU
		{75DE951B-D9DB-4318-BD1E-E5233A347CD7}.Debug|Any CPU.Build.0 = Debug|Any CPU
		{75DE951B-D9DB-4318-BD1E-E5233A347CD7}.Debug|x64.ActiveCfg = Debug|Any CPU
		{75DE951B-D9DB-4318-BD1E-E5233A347CD7}.Debug|x64.Build.0 = Debug|Any CPU
		{75DE951B-D9DB-4318-BD1E-E5233A347CD7}.Debug|x86.ActiveCfg = Debug|Any CPU
		{75DE951B-D9DB-4318-BD1E-E5233A347CD7}.Debug|x86.Build.0 = Debug|Any CPU
		{75DE951B-D9DB-4318-BD1E-E5233A347CD7}.Release|Any CPU.ActiveCfg = Release|Any CPU
		{75DE951B-D9DB-4318-BD1E-E5233A347CD7}.Release|Any CPU.Build.0 = Release|Any CPU
		{75DE951B-D9DB-4318-BD1E-E5233A347CD7}.Release|x64.ActiveCfg = Release|Any CPU
		{75DE951B-D9DB-4318-BD1E-E5233A347CD7}.Release|x64.Build.0 = Release|Any CPU
		{75DE951B-D9DB-4318-BD1E-E5233A347CD7}.Release|x86.ActiveCfg = Release|Any CPU
		{75DE951B-D9DB-4318-BD1E-E5233A347CD7}.Release|x86.Build.0 = Release|Any CPU
		{18F92D07-FBF9-42C0-8EA2-8B555AA0C236}.Debug|Any CPU.ActiveCfg = Debug|Any CPU
		{18F92D07-FBF9-42C0-8EA2-8B555AA0C236}.Debug|Any CPU.Build.0 = Debug|Any CPU
		{18F92D07-FBF9-42C0-8EA2-8B555AA0C236}.Debug|x64.ActiveCfg = Debug|Any CPU
		{18F92D07-FBF9-42C0-8EA2-8B555AA0C236}.Debug|x64.Build.0 = Debug|Any CPU
		{18F92D07-FBF9-42C0-8EA2-8B555AA0C236}.Debug|x86.ActiveCfg = Debug|Any CPU
		{18F92D07-FBF9-42C0-8EA2-8B555AA0C236}.Debug|x86.Build.0 = Debug|Any CPU
		{18F92D07-FBF9-42C0-8EA2-8B555AA0C236}.Release|Any CPU.ActiveCfg = Release|Any CPU
		{18F92D07-FBF9-42C0-8EA2-8B555AA0C236}.Release|Any CPU.Build.0 = Release|Any CPU
		{18F92D07-FBF9-42C0-8EA2-8B555AA0C236}.Release|x64.ActiveCfg = Release|Any CPU
		{18F92D07-FBF9-42C0-8EA2-8B555AA0C236}.Release|x64.Build.0 = Release|Any CPU
		{18F92D07-FBF9-42C0-8EA2-8B555AA0C236}.Release|x86.ActiveCfg = Release|Any CPU
		{18F92D07-FBF9-42C0-8EA2-8B555AA0C236}.Release|x86.Build.0 = Release|Any CPU
		{087D188C-572C-4AC4-8319-8C9E71CE3990}.Debug|Any CPU.ActiveCfg = Debug|Any CPU
		{087D188C-572C-4AC4-8319-8C9E71CE3990}.Debug|Any CPU.Build.0 = Debug|Any CPU
		{087D188C-572C-4AC4-8319-8C9E71CE3990}.Debug|x64.ActiveCfg = Debug|Any CPU
		{087D188C-572C-4AC4-8319-8C9E71CE3990}.Debug|x64.Build.0 = Debug|Any CPU
		{087D188C-572C-4AC4-8319-8C9E71CE3990}.Debug|x86.ActiveCfg = Debug|Any CPU
		{087D188C-572C-4AC4-8319-8C9E71CE3990}.Debug|x86.Build.0 = Debug|Any CPU
		{087D188C-572C-4AC4-8319-8C9E71CE3990}.Release|Any CPU.ActiveCfg = Release|Any CPU
		{087D188C-572C-4AC4-8319-8C9E71CE3990}.Release|Any CPU.Build.0 = Release|Any CPU
		{087D188C-572C-4AC4-8319-8C9E71CE3990}.Release|x64.ActiveCfg = Release|Any CPU
		{087D188C-572C-4AC4-8319-8C9E71CE3990}.Release|x64.Build.0 = Release|Any CPU
		{087D188C-572C-4AC4-8319-8C9E71CE3990}.Release|x86.ActiveCfg = Release|Any CPU
		{087D188C-572C-4AC4-8319-8C9E71CE3990}.Release|x86.Build.0 = Release|Any CPU
		{81615245-52BE-4574-882D-AB05EDD2CE78}.Debug|Any CPU.ActiveCfg = Debug|Any CPU
		{81615245-52BE-4574-882D-AB05EDD2CE78}.Debug|Any CPU.Build.0 = Debug|Any CPU
		{81615245-52BE-4574-882D-AB05EDD2CE78}.Debug|x64.ActiveCfg = Debug|Any CPU
		{81615245-52BE-4574-882D-AB05EDD2CE78}.Debug|x64.Build.0 = Debug|Any CPU
		{81615245-52BE-4574-882D-AB05EDD2CE78}.Debug|x86.ActiveCfg = Debug|Any CPU
		{81615245-52BE-4574-882D-AB05EDD2CE78}.Debug|x86.Build.0 = Debug|Any CPU
		{81615245-52BE-4574-882D-AB05EDD2CE78}.Release|Any CPU.ActiveCfg = Release|Any CPU
		{81615245-52BE-4574-882D-AB05EDD2CE78}.Release|Any CPU.Build.0 = Release|Any CPU
		{81615245-52BE-4574-882D-AB05EDD2CE78}.Release|x64.ActiveCfg = Release|Any CPU
		{81615245-52BE-4574-882D-AB05EDD2CE78}.Release|x64.Build.0 = Release|Any CPU
		{81615245-52BE-4574-882D-AB05EDD2CE78}.Release|x86.ActiveCfg = Release|Any CPU
		{81615245-52BE-4574-882D-AB05EDD2CE78}.Release|x86.Build.0 = Release|Any CPU
		{DF2EEE7D-AC71-498F-8629-0A6B642346CF}.Debug|Any CPU.ActiveCfg = Debug|Any CPU
		{DF2EEE7D-AC71-498F-8629-0A6B642346CF}.Debug|Any CPU.Build.0 = Debug|Any CPU
		{DF2EEE7D-AC71-498F-8629-0A6B642346CF}.Debug|x64.ActiveCfg = Debug|Any CPU
		{DF2EEE7D-AC71-498F-8629-0A6B642346CF}.Debug|x64.Build.0 = Debug|Any CPU
		{DF2EEE7D-AC71-498F-8629-0A6B642346CF}.Debug|x86.ActiveCfg = Debug|Any CPU
		{DF2EEE7D-AC71-498F-8629-0A6B642346CF}.Debug|x86.Build.0 = Debug|Any CPU
		{DF2EEE7D-AC71-498F-8629-0A6B642346CF}.Release|Any CPU.ActiveCfg = Release|Any CPU
		{DF2EEE7D-AC71-498F-8629-0A6B642346CF}.Release|Any CPU.Build.0 = Release|Any CPU
		{DF2EEE7D-AC71-498F-8629-0A6B642346CF}.Release|x64.ActiveCfg = Release|Any CPU
		{DF2EEE7D-AC71-498F-8629-0A6B642346CF}.Release|x64.Build.0 = Release|Any CPU
		{DF2EEE7D-AC71-498F-8629-0A6B642346CF}.Release|x86.ActiveCfg = Release|Any CPU
		{DF2EEE7D-AC71-498F-8629-0A6B642346CF}.Release|x86.Build.0 = Release|Any CPU
		{A416C939-F3C9-4AE7-970B-16C443EB2CC3}.Debug|Any CPU.ActiveCfg = Debug|Any CPU
		{A416C939-F3C9-4AE7-970B-16C443EB2CC3}.Debug|Any CPU.Build.0 = Debug|Any CPU
		{A416C939-F3C9-4AE7-970B-16C443EB2CC3}.Debug|x64.ActiveCfg = Debug|Any CPU
		{A416C939-F3C9-4AE7-970B-16C443EB2CC3}.Debug|x64.Build.0 = Debug|Any CPU
		{A416C939-F3C9-4AE7-970B-16C443EB2CC3}.Debug|x86.ActiveCfg = Debug|Any CPU
		{A416C939-F3C9-4AE7-970B-16C443EB2CC3}.Debug|x86.Build.0 = Debug|Any CPU
		{A416C939-F3C9-4AE7-970B-16C443EB2CC3}.Release|Any CPU.ActiveCfg = Release|Any CPU
		{A416C939-F3C9-4AE7-970B-16C443EB2CC3}.Release|Any CPU.Build.0 = Release|Any CPU
		{A416C939-F3C9-4AE7-970B-16C443EB2CC3}.Release|x64.ActiveCfg = Release|Any CPU
		{A416C939-F3C9-4AE7-970B-16C443EB2CC3}.Release|x64.Build.0 = Release|Any CPU
		{A416C939-F3C9-4AE7-970B-16C443EB2CC3}.Release|x86.ActiveCfg = Release|Any CPU
		{A416C939-F3C9-4AE7-970B-16C443EB2CC3}.Release|x86.Build.0 = Release|Any CPU
		{B3128CBF-A936-4BE7-8852-1A1D256425BF}.Debug|Any CPU.ActiveCfg = Debug|Win32
		{B3128CBF-A936-4BE7-8852-1A1D256425BF}.Debug|x64.ActiveCfg = Debug|x64
		{B3128CBF-A936-4BE7-8852-1A1D256425BF}.Debug|x64.Build.0 = Debug|x64
		{B3128CBF-A936-4BE7-8852-1A1D256425BF}.Debug|x86.ActiveCfg = Debug|Win32
		{B3128CBF-A936-4BE7-8852-1A1D256425BF}.Debug|x86.Build.0 = Debug|Win32
		{B3128CBF-A936-4BE7-8852-1A1D256425BF}.Release|Any CPU.ActiveCfg = Release|Win32
		{B3128CBF-A936-4BE7-8852-1A1D256425BF}.Release|x64.ActiveCfg = Release|x64
		{B3128CBF-A936-4BE7-8852-1A1D256425BF}.Release|x64.Build.0 = Release|x64
		{B3128CBF-A936-4BE7-8852-1A1D256425BF}.Release|x86.ActiveCfg = Release|Win32
		{B3128CBF-A936-4BE7-8852-1A1D256425BF}.Release|x86.Build.0 = Release|Win32
		{9C10EB5C-8690-4E13-BECB-8A81A919DD8C}.Debug|Any CPU.ActiveCfg = Debug|Win32
		{9C10EB5C-8690-4E13-BECB-8A81A919DD8C}.Debug|x64.ActiveCfg = Debug|x64
		{9C10EB5C-8690-4E13-BECB-8A81A919DD8C}.Debug|x64.Build.0 = Debug|x64
		{9C10EB5C-8690-4E13-BECB-8A81A919DD8C}.Debug|x86.ActiveCfg = Debug|Win32
		{9C10EB5C-8690-4E13-BECB-8A81A919DD8C}.Debug|x86.Build.0 = Debug|Win32
		{9C10EB5C-8690-4E13-BECB-8A81A919DD8C}.Release|Any CPU.ActiveCfg = Release|Win32
		{9C10EB5C-8690-4E13-BECB-8A81A919DD8C}.Release|x64.ActiveCfg = Release|x64
		{9C10EB5C-8690-4E13-BECB-8A81A919DD8C}.Release|x64.Build.0 = Release|x64
		{9C10EB5C-8690-4E13-BECB-8A81A919DD8C}.Release|x86.ActiveCfg = Release|Win32
		{9C10EB5C-8690-4E13-BECB-8A81A919DD8C}.Release|x86.Build.0 = Release|Win32
		{207A1A60-34F1-4E3E-AEF6-DAF9DD71C6A7}.Debug|Any CPU.ActiveCfg = Debug|Any CPU
		{207A1A60-34F1-4E3E-AEF6-DAF9DD71C6A7}.Debug|Any CPU.Build.0 = Debug|Any CPU
		{207A1A60-34F1-4E3E-AEF6-DAF9DD71C6A7}.Debug|x64.ActiveCfg = Debug|Any CPU
		{207A1A60-34F1-4E3E-AEF6-DAF9DD71C6A7}.Debug|x64.Build.0 = Debug|Any CPU
		{207A1A60-34F1-4E3E-AEF6-DAF9DD71C6A7}.Debug|x86.ActiveCfg = Debug|Any CPU
		{207A1A60-34F1-4E3E-AEF6-DAF9DD71C6A7}.Debug|x86.Build.0 = Debug|Any CPU
		{207A1A60-34F1-4E3E-AEF6-DAF9DD71C6A7}.Release|Any CPU.ActiveCfg = Release|Any CPU
		{207A1A60-34F1-4E3E-AEF6-DAF9DD71C6A7}.Release|Any CPU.Build.0 = Release|Any CPU
		{207A1A60-34F1-4E3E-AEF6-DAF9DD71C6A7}.Release|x64.ActiveCfg = Release|Any CPU
		{207A1A60-34F1-4E3E-AEF6-DAF9DD71C6A7}.Release|x64.Build.0 = Release|Any CPU
		{207A1A60-34F1-4E3E-AEF6-DAF9DD71C6A7}.Release|x86.ActiveCfg = Release|Any CPU
		{207A1A60-34F1-4E3E-AEF6-DAF9DD71C6A7}.Release|x86.Build.0 = Release|Any CPU
		{6007E601-C9AD-4722-A660-58CF5AFF94FE}.Debug|Any CPU.ActiveCfg = Debug|Any CPU
		{6007E601-C9AD-4722-A660-58CF5AFF94FE}.Debug|Any CPU.Build.0 = Debug|Any CPU
		{6007E601-C9AD-4722-A660-58CF5AFF94FE}.Debug|x64.ActiveCfg = Debug|Any CPU
		{6007E601-C9AD-4722-A660-58CF5AFF94FE}.Debug|x64.Build.0 = Debug|Any CPU
		{6007E601-C9AD-4722-A660-58CF5AFF94FE}.Debug|x86.ActiveCfg = Debug|Any CPU
		{6007E601-C9AD-4722-A660-58CF5AFF94FE}.Debug|x86.Build.0 = Debug|Any CPU
		{6007E601-C9AD-4722-A660-58CF5AFF94FE}.Release|Any CPU.ActiveCfg = Release|Any CPU
		{6007E601-C9AD-4722-A660-58CF5AFF94FE}.Release|Any CPU.Build.0 = Release|Any CPU
		{6007E601-C9AD-4722-A660-58CF5AFF94FE}.Release|x64.ActiveCfg = Release|Any CPU
		{6007E601-C9AD-4722-A660-58CF5AFF94FE}.Release|x64.Build.0 = Release|Any CPU
		{6007E601-C9AD-4722-A660-58CF5AFF94FE}.Release|x86.ActiveCfg = Release|Any CPU
		{6007E601-C9AD-4722-A660-58CF5AFF94FE}.Release|x86.Build.0 = Release|Any CPU
		{DFE87AF0-F25B-4D8A-8532-3F81EA45DF29}.Debug|Any CPU.ActiveCfg = Debug|Win32
		{DFE87AF0-F25B-4D8A-8532-3F81EA45DF29}.Debug|x64.ActiveCfg = Debug|x64
		{DFE87AF0-F25B-4D8A-8532-3F81EA45DF29}.Debug|x64.Build.0 = Debug|x64
		{DFE87AF0-F25B-4D8A-8532-3F81EA45DF29}.Debug|x86.ActiveCfg = Debug|Win32
		{DFE87AF0-F25B-4D8A-8532-3F81EA45DF29}.Debug|x86.Build.0 = Debug|Win32
		{DFE87AF0-F25B-4D8A-8532-3F81EA45DF29}.Release|Any CPU.ActiveCfg = Release|Win32
		{DFE87AF0-F25B-4D8A-8532-3F81EA45DF29}.Release|x64.ActiveCfg = Release|x64
		{DFE87AF0-F25B-4D8A-8532-3F81EA45DF29}.Release|x64.Build.0 = Release|x64
		{DFE87AF0-F25B-4D8A-8532-3F81EA45DF29}.Release|x86.ActiveCfg = Release|Win32
		{DFE87AF0-F25B-4D8A-8532-3F81EA45DF29}.Release|x86.Build.0 = Release|Win32
		{94A7A00C-E3D9-41ED-90AE-8429CC9CDF08}.Debug|Any CPU.ActiveCfg = Debug|Any CPU
		{94A7A00C-E3D9-41ED-90AE-8429CC9CDF08}.Debug|Any CPU.Build.0 = Debug|Any CPU
		{94A7A00C-E3D9-41ED-90AE-8429CC9CDF08}.Debug|x64.ActiveCfg = Debug|Any CPU
		{94A7A00C-E3D9-41ED-90AE-8429CC9CDF08}.Debug|x64.Build.0 = Debug|Any CPU
		{94A7A00C-E3D9-41ED-90AE-8429CC9CDF08}.Debug|x86.ActiveCfg = Debug|Any CPU
		{94A7A00C-E3D9-41ED-90AE-8429CC9CDF08}.Debug|x86.Build.0 = Debug|Any CPU
		{94A7A00C-E3D9-41ED-90AE-8429CC9CDF08}.Release|Any CPU.ActiveCfg = Release|Any CPU
		{94A7A00C-E3D9-41ED-90AE-8429CC9CDF08}.Release|Any CPU.Build.0 = Release|Any CPU
		{94A7A00C-E3D9-41ED-90AE-8429CC9CDF08}.Release|x64.ActiveCfg = Release|Any CPU
		{94A7A00C-E3D9-41ED-90AE-8429CC9CDF08}.Release|x64.Build.0 = Release|Any CPU
		{94A7A00C-E3D9-41ED-90AE-8429CC9CDF08}.Release|x86.ActiveCfg = Release|Any CPU
		{94A7A00C-E3D9-41ED-90AE-8429CC9CDF08}.Release|x86.Build.0 = Release|Any CPU
		{0BFC2BCF-DD71-499B-864E-A926818FAFB9}.Debug|Any CPU.ActiveCfg = Debug|Any CPU
		{0BFC2BCF-DD71-499B-864E-A926818FAFB9}.Debug|Any CPU.Build.0 = Debug|Any CPU
		{0BFC2BCF-DD71-499B-864E-A926818FAFB9}.Debug|x64.ActiveCfg = Debug|Any CPU
		{0BFC2BCF-DD71-499B-864E-A926818FAFB9}.Debug|x64.Build.0 = Debug|Any CPU
		{0BFC2BCF-DD71-499B-864E-A926818FAFB9}.Debug|x86.ActiveCfg = Debug|Any CPU
		{0BFC2BCF-DD71-499B-864E-A926818FAFB9}.Debug|x86.Build.0 = Debug|Any CPU
		{0BFC2BCF-DD71-499B-864E-A926818FAFB9}.Release|Any CPU.ActiveCfg = Release|Any CPU
		{0BFC2BCF-DD71-499B-864E-A926818FAFB9}.Release|Any CPU.Build.0 = Release|Any CPU
		{0BFC2BCF-DD71-499B-864E-A926818FAFB9}.Release|x64.ActiveCfg = Release|Any CPU
		{0BFC2BCF-DD71-499B-864E-A926818FAFB9}.Release|x64.Build.0 = Release|Any CPU
		{0BFC2BCF-DD71-499B-864E-A926818FAFB9}.Release|x86.ActiveCfg = Release|Any CPU
		{0BFC2BCF-DD71-499B-864E-A926818FAFB9}.Release|x86.Build.0 = Release|Any CPU
		{E0863DBF-E5ED-4933-8847-6794E19B004E}.Debug|Any CPU.ActiveCfg = Debug|Any CPU
		{E0863DBF-E5ED-4933-8847-6794E19B004E}.Debug|Any CPU.Build.0 = Debug|Any CPU
		{E0863DBF-E5ED-4933-8847-6794E19B004E}.Debug|x64.ActiveCfg = Debug|Any CPU
		{E0863DBF-E5ED-4933-8847-6794E19B004E}.Debug|x64.Build.0 = Debug|Any CPU
		{E0863DBF-E5ED-4933-8847-6794E19B004E}.Debug|x86.ActiveCfg = Debug|Any CPU
		{E0863DBF-E5ED-4933-8847-6794E19B004E}.Debug|x86.Build.0 = Debug|Any CPU
		{E0863DBF-E5ED-4933-8847-6794E19B004E}.Release|Any CPU.ActiveCfg = Release|Any CPU
		{E0863DBF-E5ED-4933-8847-6794E19B004E}.Release|Any CPU.Build.0 = Release|Any CPU
		{E0863DBF-E5ED-4933-8847-6794E19B004E}.Release|x64.ActiveCfg = Release|Any CPU
		{E0863DBF-E5ED-4933-8847-6794E19B004E}.Release|x64.Build.0 = Release|Any CPU
		{E0863DBF-E5ED-4933-8847-6794E19B004E}.Release|x86.ActiveCfg = Release|Any CPU
		{E0863DBF-E5ED-4933-8847-6794E19B004E}.Release|x86.Build.0 = Release|Any CPU
		{105BC4A0-FFA9-466F-9DE3-D49AAE2B0A25}.Debug|Any CPU.ActiveCfg = Debug|Any CPU
		{105BC4A0-FFA9-466F-9DE3-D49AAE2B0A25}.Debug|Any CPU.Build.0 = Debug|Any CPU
		{105BC4A0-FFA9-466F-9DE3-D49AAE2B0A25}.Debug|x64.ActiveCfg = Debug|Any CPU
		{105BC4A0-FFA9-466F-9DE3-D49AAE2B0A25}.Debug|x64.Build.0 = Debug|Any CPU
		{105BC4A0-FFA9-466F-9DE3-D49AAE2B0A25}.Debug|x86.ActiveCfg = Debug|Any CPU
		{105BC4A0-FFA9-466F-9DE3-D49AAE2B0A25}.Debug|x86.Build.0 = Debug|Any CPU
		{105BC4A0-FFA9-466F-9DE3-D49AAE2B0A25}.Release|Any CPU.ActiveCfg = Release|Any CPU
		{105BC4A0-FFA9-466F-9DE3-D49AAE2B0A25}.Release|Any CPU.Build.0 = Release|Any CPU
		{105BC4A0-FFA9-466F-9DE3-D49AAE2B0A25}.Release|x64.ActiveCfg = Release|Any CPU
		{105BC4A0-FFA9-466F-9DE3-D49AAE2B0A25}.Release|x64.Build.0 = Release|Any CPU
		{105BC4A0-FFA9-466F-9DE3-D49AAE2B0A25}.Release|x86.ActiveCfg = Release|Any CPU
		{105BC4A0-FFA9-466F-9DE3-D49AAE2B0A25}.Release|x86.Build.0 = Release|Any CPU
		{74116D1E-DE26-4EC6-A355-CDFE968B5F38}.Debug|Any CPU.ActiveCfg = Debug|Any CPU
		{74116D1E-DE26-4EC6-A355-CDFE968B5F38}.Debug|Any CPU.Build.0 = Debug|Any CPU
		{74116D1E-DE26-4EC6-A355-CDFE968B5F38}.Debug|x64.ActiveCfg = Debug|Any CPU
		{74116D1E-DE26-4EC6-A355-CDFE968B5F38}.Debug|x64.Build.0 = Debug|Any CPU
		{74116D1E-DE26-4EC6-A355-CDFE968B5F38}.Debug|x86.ActiveCfg = Debug|Any CPU
		{74116D1E-DE26-4EC6-A355-CDFE968B5F38}.Debug|x86.Build.0 = Debug|Any CPU
		{74116D1E-DE26-4EC6-A355-CDFE968B5F38}.Release|Any CPU.ActiveCfg = Release|Any CPU
		{74116D1E-DE26-4EC6-A355-CDFE968B5F38}.Release|Any CPU.Build.0 = Release|Any CPU
		{74116D1E-DE26-4EC6-A355-CDFE968B5F38}.Release|x64.ActiveCfg = Release|Any CPU
		{74116D1E-DE26-4EC6-A355-CDFE968B5F38}.Release|x64.Build.0 = Release|Any CPU
		{74116D1E-DE26-4EC6-A355-CDFE968B5F38}.Release|x86.ActiveCfg = Release|Any CPU
		{74116D1E-DE26-4EC6-A355-CDFE968B5F38}.Release|x86.Build.0 = Release|Any CPU
		{A3A43AAC-760B-440C-BF0A-CF2B90854704}.Debug|Any CPU.ActiveCfg = Debug|Any CPU
		{A3A43AAC-760B-440C-BF0A-CF2B90854704}.Debug|Any CPU.Build.0 = Debug|Any CPU
		{A3A43AAC-760B-440C-BF0A-CF2B90854704}.Debug|x64.ActiveCfg = Debug|Any CPU
		{A3A43AAC-760B-440C-BF0A-CF2B90854704}.Debug|x64.Build.0 = Debug|Any CPU
		{A3A43AAC-760B-440C-BF0A-CF2B90854704}.Debug|x86.ActiveCfg = Debug|Any CPU
		{A3A43AAC-760B-440C-BF0A-CF2B90854704}.Debug|x86.Build.0 = Debug|Any CPU
		{A3A43AAC-760B-440C-BF0A-CF2B90854704}.Release|Any CPU.ActiveCfg = Release|Any CPU
		{A3A43AAC-760B-440C-BF0A-CF2B90854704}.Release|Any CPU.Build.0 = Release|Any CPU
		{A3A43AAC-760B-440C-BF0A-CF2B90854704}.Release|x64.ActiveCfg = Release|Any CPU
		{A3A43AAC-760B-440C-BF0A-CF2B90854704}.Release|x64.Build.0 = Release|Any CPU
		{A3A43AAC-760B-440C-BF0A-CF2B90854704}.Release|x86.ActiveCfg = Release|Any CPU
		{A3A43AAC-760B-440C-BF0A-CF2B90854704}.Release|x86.Build.0 = Release|Any CPU
		{C92EAF81-7DF3-4E31-A334-C3B4E72A2AB5}.Debug|Any CPU.ActiveCfg = Debug|Any CPU
		{C92EAF81-7DF3-4E31-A334-C3B4E72A2AB5}.Debug|Any CPU.Build.0 = Debug|Any CPU
		{C92EAF81-7DF3-4E31-A334-C3B4E72A2AB5}.Debug|x64.ActiveCfg = Debug|Any CPU
		{C92EAF81-7DF3-4E31-A334-C3B4E72A2AB5}.Debug|x64.Build.0 = Debug|Any CPU
		{C92EAF81-7DF3-4E31-A334-C3B4E72A2AB5}.Debug|x86.ActiveCfg = Debug|Any CPU
		{C92EAF81-7DF3-4E31-A334-C3B4E72A2AB5}.Debug|x86.Build.0 = Debug|Any CPU
		{C92EAF81-7DF3-4E31-A334-C3B4E72A2AB5}.Release|Any CPU.ActiveCfg = Release|Any CPU
		{C92EAF81-7DF3-4E31-A334-C3B4E72A2AB5}.Release|Any CPU.Build.0 = Release|Any CPU
		{C92EAF81-7DF3-4E31-A334-C3B4E72A2AB5}.Release|x64.ActiveCfg = Release|Any CPU
		{C92EAF81-7DF3-4E31-A334-C3B4E72A2AB5}.Release|x64.Build.0 = Release|Any CPU
		{C92EAF81-7DF3-4E31-A334-C3B4E72A2AB5}.Release|x86.ActiveCfg = Release|Any CPU
		{C92EAF81-7DF3-4E31-A334-C3B4E72A2AB5}.Release|x86.Build.0 = Release|Any CPU
		{F4F4D420-ADF8-420A-8899-9AF39E8F37C4}.Debug|Any CPU.ActiveCfg = Debug|Any CPU
		{F4F4D420-ADF8-420A-8899-9AF39E8F37C4}.Debug|Any CPU.Build.0 = Debug|Any CPU
		{F4F4D420-ADF8-420A-8899-9AF39E8F37C4}.Debug|x64.ActiveCfg = Debug|Any CPU
		{F4F4D420-ADF8-420A-8899-9AF39E8F37C4}.Debug|x64.Build.0 = Debug|Any CPU
		{F4F4D420-ADF8-420A-8899-9AF39E8F37C4}.Debug|x86.ActiveCfg = Debug|Any CPU
		{F4F4D420-ADF8-420A-8899-9AF39E8F37C4}.Debug|x86.Build.0 = Debug|Any CPU
		{F4F4D420-ADF8-420A-8899-9AF39E8F37C4}.Release|Any CPU.ActiveCfg = Release|Any CPU
		{F4F4D420-ADF8-420A-8899-9AF39E8F37C4}.Release|Any CPU.Build.0 = Release|Any CPU
		{F4F4D420-ADF8-420A-8899-9AF39E8F37C4}.Release|x64.ActiveCfg = Release|Any CPU
		{F4F4D420-ADF8-420A-8899-9AF39E8F37C4}.Release|x64.Build.0 = Release|Any CPU
		{F4F4D420-ADF8-420A-8899-9AF39E8F37C4}.Release|x86.ActiveCfg = Release|Any CPU
		{F4F4D420-ADF8-420A-8899-9AF39E8F37C4}.Release|x86.Build.0 = Release|Any CPU
		{62794D6D-38D1-4642-8C53-857AF19DB42B}.Debug|Any CPU.ActiveCfg = Debug|Any CPU
		{62794D6D-38D1-4642-8C53-857AF19DB42B}.Debug|Any CPU.Build.0 = Debug|Any CPU
		{62794D6D-38D1-4642-8C53-857AF19DB42B}.Debug|x64.ActiveCfg = Debug|Any CPU
		{62794D6D-38D1-4642-8C53-857AF19DB42B}.Debug|x64.Build.0 = Debug|Any CPU
		{62794D6D-38D1-4642-8C53-857AF19DB42B}.Debug|x86.ActiveCfg = Debug|Any CPU
		{62794D6D-38D1-4642-8C53-857AF19DB42B}.Debug|x86.Build.0 = Debug|Any CPU
		{62794D6D-38D1-4642-8C53-857AF19DB42B}.Release|Any CPU.ActiveCfg = Release|Any CPU
		{62794D6D-38D1-4642-8C53-857AF19DB42B}.Release|Any CPU.Build.0 = Release|Any CPU
		{62794D6D-38D1-4642-8C53-857AF19DB42B}.Release|x64.ActiveCfg = Release|Any CPU
		{62794D6D-38D1-4642-8C53-857AF19DB42B}.Release|x64.Build.0 = Release|Any CPU
		{62794D6D-38D1-4642-8C53-857AF19DB42B}.Release|x86.ActiveCfg = Release|Any CPU
		{62794D6D-38D1-4642-8C53-857AF19DB42B}.Release|x86.Build.0 = Release|Any CPU
		{01158938-BF1B-45B2-8CA9-1B1C0DA9F32D}.Debug|Any CPU.ActiveCfg = Debug|Any CPU
		{01158938-BF1B-45B2-8CA9-1B1C0DA9F32D}.Debug|Any CPU.Build.0 = Debug|Any CPU
		{01158938-BF1B-45B2-8CA9-1B1C0DA9F32D}.Debug|x64.ActiveCfg = Debug|Any CPU
		{01158938-BF1B-45B2-8CA9-1B1C0DA9F32D}.Debug|x64.Build.0 = Debug|Any CPU
		{01158938-BF1B-45B2-8CA9-1B1C0DA9F32D}.Debug|x86.ActiveCfg = Debug|Any CPU
		{01158938-BF1B-45B2-8CA9-1B1C0DA9F32D}.Debug|x86.Build.0 = Debug|Any CPU
		{01158938-BF1B-45B2-8CA9-1B1C0DA9F32D}.Release|Any CPU.ActiveCfg = Release|Any CPU
		{01158938-BF1B-45B2-8CA9-1B1C0DA9F32D}.Release|Any CPU.Build.0 = Release|Any CPU
		{01158938-BF1B-45B2-8CA9-1B1C0DA9F32D}.Release|x64.ActiveCfg = Release|Any CPU
		{01158938-BF1B-45B2-8CA9-1B1C0DA9F32D}.Release|x64.Build.0 = Release|Any CPU
		{01158938-BF1B-45B2-8CA9-1B1C0DA9F32D}.Release|x86.ActiveCfg = Release|Any CPU
		{01158938-BF1B-45B2-8CA9-1B1C0DA9F32D}.Release|x86.Build.0 = Release|Any CPU
	EndGlobalSection
	GlobalSection(SolutionProperties) = preSolution
		HideSolutionNode = FALSE
	EndGlobalSection
	GlobalSection(ExtensibilityGlobals) = postSolution
		SolutionGuid = {B224C6EA-1359-41F2-AB91-82C2FBFFB2C7}
	EndGlobalSection
EndGlobal
